
Microsoft Visual Studio Solution File, Format Version 12.00
# Visual Studio Version 17
VisualStudioVersion = 17.9.34728.123
MinimumVisualStudioVersion = 10.0.40219.1
Project("{2150E333-8FDC-42A3-9474-1A3956D46DE8}") = "src", "src", "{0FAD5F97-D9C2-46DA-B9B0-5E68EE760A46}"
EndProject
Project("{9A19103F-16F7-4668-BE54-9A1E7A4F7556}") = "Application", "src\Application\Application.csproj", "{197C6FD1-2A4F-4D0E-92E2-FCF453F47F12}"
EndProject
Project("{9A19103F-16F7-4668-BE54-9A1E7A4F7556}") = "Domain", "src\Domain\Domain.csproj", "{026E7F12-9F8A-4B04-92DB-56EC93ACAB09}"
EndProject
Project("{9A19103F-16F7-4668-BE54-9A1E7A4F7556}") = "Persistence", "src\Persistence\Persistence.csproj", "{E885F016-0C88-46B5-9729-6F41BAF915DF}"
EndProject
Project("{9A19103F-16F7-4668-BE54-9A1E7A4F7556}") = "Infrastructure", "src\Infrastructure\Infrastructure.csproj", "{88AC1CF1-D20E-462D-8EB3-F092CA63F81E}"
EndProject
Project("{9A19103F-16F7-4668-BE54-9A1E7A4F7556}") = "WebApi", "src\WebApi\WebApi.csproj", "{3ECF8655-7AB1-4101-A3B5-8BD2017DC98E}"
EndProject
Project("{2150E333-8FDC-42A3-9474-1A3956D46DE8}") = "Core", "Core", "{0B5969F2-069A-43E9-9D48-7AC526A31C3B}"
EndProject
Project("{9A19103F-16F7-4668-BE54-9A1E7A4F7556}") = "Core.Persistence", "src\Core\Core.Persistence\Core.Persistence.csproj", "{4D317C66-E9B0-4050-9486-AA1683E84D5F}"
EndProject
Project("{9A19103F-16F7-4668-BE54-9A1E7A4F7556}") = "Mailing", "src\Core\Mailing\Mailing.csproj", "{492DE9A0-6E78-47B0-A891-16C25082FF7C}"
EndProject
Project("{FAE04EC0-301F-11D3-BF4B-00C04F79EFBC}") = "Security", "Security\Security.csproj", "{18B03D12-8FD7-4284-8CF4-AB6AFF8D046C}"
EndProject
Global
	GlobalSection(SolutionConfigurationPlatforms) = preSolution
		Debug|Any CPU = Debug|Any CPU
		Release|Any CPU = Release|Any CPU
	EndGlobalSection
	GlobalSection(ProjectConfigurationPlatforms) = postSolution
		{197C6FD1-2A4F-4D0E-92E2-FCF453F47F12}.Debug|Any CPU.ActiveCfg = Debug|Any CPU
		{197C6FD1-2A4F-4D0E-92E2-FCF453F47F12}.Debug|Any CPU.Build.0 = Debug|Any CPU
		{197C6FD1-2A4F-4D0E-92E2-FCF453F47F12}.Release|Any CPU.ActiveCfg = Release|Any CPU
		{197C6FD1-2A4F-4D0E-92E2-FCF453F47F12}.Release|Any CPU.Build.0 = Release|Any CPU
		{026E7F12-9F8A-4B04-92DB-56EC93ACAB09}.Debug|Any CPU.ActiveCfg = Debug|Any CPU
		{026E7F12-9F8A-4B04-92DB-56EC93ACAB09}.Debug|Any CPU.Build.0 = Debug|Any CPU
		{026E7F12-9F8A-4B04-92DB-56EC93ACAB09}.Release|Any CPU.ActiveCfg = Release|Any CPU
		{026E7F12-9F8A-4B04-92DB-56EC93ACAB09}.Release|Any CPU.Build.0 = Release|Any CPU
		{E885F016-0C88-46B5-9729-6F41BAF915DF}.Debug|Any CPU.ActiveCfg = Debug|Any CPU
		{E885F016-0C88-46B5-9729-6F41BAF915DF}.Debug|Any CPU.Build.0 = Debug|Any CPU
		{E885F016-0C88-46B5-9729-6F41BAF915DF}.Release|Any CPU.ActiveCfg = Release|Any CPU
		{E885F016-0C88-46B5-9729-6F41BAF915DF}.Release|Any CPU.Build.0 = Release|Any CPU
		{88AC1CF1-D20E-462D-8EB3-F092CA63F81E}.Debug|Any CPU.ActiveCfg = Debug|Any CPU
		{88AC1CF1-D20E-462D-8EB3-F092CA63F81E}.Debug|Any CPU.Build.0 = Debug|Any CPU
		{88AC1CF1-D20E-462D-8EB3-F092CA63F81E}.Release|Any CPU.ActiveCfg = Release|Any CPU
		{88AC1CF1-D20E-462D-8EB3-F092CA63F81E}.Release|Any CPU.Build.0 = Release|Any CPU
		{3ECF8655-7AB1-4101-A3B5-8BD2017DC98E}.Debug|Any CPU.ActiveCfg = Debug|Any CPU
		{3ECF8655-7AB1-4101-A3B5-8BD2017DC98E}.Debug|Any CPU.Build.0 = Debug|Any CPU
		{3ECF8655-7AB1-4101-A3B5-8BD2017DC98E}.Release|Any CPU.ActiveCfg = Release|Any CPU
		{3ECF8655-7AB1-4101-A3B5-8BD2017DC98E}.Release|Any CPU.Build.0 = Release|Any CPU
		{4D317C66-E9B0-4050-9486-AA1683E84D5F}.Debug|Any CPU.ActiveCfg = Debug|Any CPU
		{4D317C66-E9B0-4050-9486-AA1683E84D5F}.Debug|Any CPU.Build.0 = Debug|Any CPU
		{4D317C66-E9B0-4050-9486-AA1683E84D5F}.Release|Any CPU.ActiveCfg = Release|Any CPU
		{4D317C66-E9B0-4050-9486-AA1683E84D5F}.Release|Any CPU.Build.0 = Release|Any CPU
		{492DE9A0-6E78-47B0-A891-16C25082FF7C}.Debug|Any CPU.ActiveCfg = Debug|Any CPU
		{492DE9A0-6E78-47B0-A891-16C25082FF7C}.Debug|Any CPU.Build.0 = Debug|Any CPU
		{492DE9A0-6E78-47B0-A891-16C25082FF7C}.Release|Any CPU.ActiveCfg = Release|Any CPU
		{492DE9A0-6E78-47B0-A891-16C25082FF7C}.Release|Any CPU.Build.0 = Release|Any CPU
		{18B03D12-8FD7-4284-8CF4-AB6AFF8D046C}.Debug|Any CPU.ActiveCfg = Debug|Any CPU
		{18B03D12-8FD7-4284-8CF4-AB6AFF8D046C}.Debug|Any CPU.Build.0 = Debug|Any CPU
		{18B03D12-8FD7-4284-8CF4-AB6AFF8D046C}.Release|Any CPU.ActiveCfg = Release|Any CPU
		{18B03D12-8FD7-4284-8CF4-AB6AFF8D046C}.Release|Any CPU.Build.0 = Release|Any CPU
	EndGlobalSection
	GlobalSection(SolutionProperties) = preSolution
		HideSolutionNode = FALSE
	EndGlobalSection
	GlobalSection(NestedProjects) = preSolution
		{197C6FD1-2A4F-4D0E-92E2-FCF453F47F12} = {0FAD5F97-D9C2-46DA-B9B0-5E68EE760A46}
		{026E7F12-9F8A-4B04-92DB-56EC93ACAB09} = {0FAD5F97-D9C2-46DA-B9B0-5E68EE760A46}
		{E885F016-0C88-46B5-9729-6F41BAF915DF} = {0FAD5F97-D9C2-46DA-B9B0-5E68EE760A46}
		{88AC1CF1-D20E-462D-8EB3-F092CA63F81E} = {0FAD5F97-D9C2-46DA-B9B0-5E68EE760A46}
		{3ECF8655-7AB1-4101-A3B5-8BD2017DC98E} = {0FAD5F97-D9C2-46DA-B9B0-5E68EE760A46}
		{0B5969F2-069A-43E9-9D48-7AC526A31C3B} = {0FAD5F97-D9C2-46DA-B9B0-5E68EE760A46}
		{4D317C66-E9B0-4050-9486-AA1683E84D5F} = {0B5969F2-069A-43E9-9D48-7AC526A31C3B}
		{492DE9A0-6E78-47B0-A891-16C25082FF7C} = {0B5969F2-069A-43E9-9D48-7AC526A31C3B}
		{18B03D12-8FD7-4284-8CF4-AB6AFF8D046C} = {0B5969F2-069A-43E9-9D48-7AC526A31C3B}
	EndGlobalSection
	GlobalSection(ExtensibilityGlobals) = postSolution
		SolutionGuid = {F870287D-1B26-498D-B3E9-BFF28553FDA0}
	EndGlobalSection
EndGlobal
